PODS:
  - AFNetworking (4.0.1):
    - AFNetworking/NSURLSession (= 4.0.1)
    - AFNetworking/Reachability (= 4.0.1)
    - AFNetworking/Security (= 4.0.1)
    - AFNetworking/Serialization (= 4.0.1)
    - AFNetworking/UIKit (= 4.0.1)
  - AFNetworking/NSURLSession (4.0.1):
    - AFNetworking/Reachability
    - AFNetworking/Security
    - AFNetworking/Serialization
  - AFNetworking/Reachability (4.0.1)
  - AFNetworking/Security (4.0.1)
  - AFNetworking/Serialization (4.0.1)
  - AFNetworking/UIKit (4.0.1):
    - AFNetworking/NSURLSession
  - Masonry (1.1.0)
  - ZTTools (0.1.1):
    - AFNetworking
    - Masonry

DEPENDENCIES:
  - AFNetworking
  - Masonry
  - ZTTools (from `../`)

SPEC REPOS:
  trunk:
    - AFNetworking
    - Masonry

EXTERNAL SOURCES:
  ZTTools:
    :path: "../"

SPEC CHECKSUMS:
  AFNetworking: 7864c38297c79aaca1500c33288e429c3451fdce
  Masonry: 678fab65091a9290e40e2832a55e7ab731aad201
  ZTTools: 8d69c32863103ad90760072f507cea8a6ab088d0

PODFILE CHECKSUM: 73860d525afeb979dc9b078d6f822997377f81f8

COCOAPODS: 1.10.0
